
Microsoft Visual Studio Solution File, Format Version 12.00
# Visual Studio Version 17
VisualStudioVersion = 17.9.34607.119
MinimumVisualStudioVersion = 10.0.40219.1
Project("{9A19103F-16F7-4668-BE54-9A1E7A4F7556}") = "PatternsPOB2421", "PatternsPOB2421\PatternsPOB2421.csproj", "{646EC58C-C628-4CFF-AF0F-4468ABA21C52}"
EndProject
Project("{9A19103F-16F7-4668-BE54-9A1E7A4F7556}") = "FactoryMethod", "FactoryMethod\FactoryMethod.csproj", "{F68179AF-98A1-4A9D-9085-4617C7DE4A36}"
EndProject
Project("{9A19103F-16F7-4668-BE54-9A1E7A4F7556}") = "Prototype", "Prototype\Prototype.csproj", "{366DD902-B11F-4AA5-B4BE-36CBF1EF4146}"
EndProject
Project("{9A19103F-16F7-4668-BE54-9A1E7A4F7556}") = "Builder", "Builder\Builder.csproj", "{F1B0D8DF-3123-48CF-9F53-9C30580530EF}"
EndProject
Project("{9A19103F-16F7-4668-BE54-9A1E7A4F7556}") = "Singlton", "Singlton\Singlton.csproj", "{2D156243-8608-4375-92EF-CD71537E96F9}"
EndProject
Project("{9A19103F-16F7-4668-BE54-9A1E7A4F7556}") = "DecoratorProject", "DecoratorProject\DecoratorProject.csproj", "{34B4C26A-9E47-4FC1-8904-5150B97C92C2}"
EndProject
Project("{9A19103F-16F7-4668-BE54-9A1E7A4F7556}") = "Adapter", "Adapter\Adapter.csproj", "{3EF51AA9-B883-479F-BD6B-B4F3877F4B99}"
EndProject
Project("{9A19103F-16F7-4668-BE54-9A1E7A4F7556}") = "Proxy", "Proxy\Proxy.csproj", "{56089065-FCDB-4D25-910C-15108F840FD3}"
EndProject
Project("{9A19103F-16F7-4668-BE54-9A1E7A4F7556}") = "Bridge", "Bridge\Bridge.csproj", "{D843F846-6CAB-4945-BA89-6E80C70F0DC6}"
EndProject
Project("{FAE04EC0-301F-11D3-BF4B-00C04F79EFBC}") = "Strategy", "Strategy\Strategy.csproj", "{C86B90CD-5C07-4C18-92C9-9BAEDB61BE16}"
EndProject
Project("{FAE04EC0-301F-11D3-BF4B-00C04F79EFBC}") = "ObserverProject", "ObserverProject\ObserverProject.csproj", "{4BD71482-578B-4B47-9711-367DCEAC4B9B}"
EndProject
Project("{FAE04EC0-301F-11D3-BF4B-00C04F79EFBC}") = "ObsevCollection", "ObsevCollection\ObsevCollection.csproj", "{45CEB3F6-C91F-41B6-AD8F-C79EF2AAB84D}"
EndProject
Project("{FAE04EC0-301F-11D3-BF4B-00C04F79EFBC}") = "Command", "Command\Command.csproj", "{291D844D-5378-447E-9C9D-E086E640EC01}"
EndProject
Project("{FAE04EC0-301F-11D3-BF4B-00C04F79EFBC}") = "State", "State\State.csproj", "{277E0667-74E0-4400-92F9-FD143017B96B}"
EndProject
Global
	GlobalSection(SolutionConfigurationPlatforms) = preSolution
		Debug|Any CPU = Debug|Any CPU
		Release|Any CPU = Release|Any CPU
	EndGlobalSection
	GlobalSection(ProjectConfigurationPlatforms) = postSolution
		{646EC58C-C628-4CFF-AF0F-4468ABA21C52}.Debug|Any CPU.ActiveCfg = Debug|Any CPU
		{646EC58C-C628-4CFF-AF0F-4468ABA21C52}.Debug|Any CPU.Build.0 = Debug|Any CPU
		{646EC58C-C628-4CFF-AF0F-4468ABA21C52}.Release|Any CPU.ActiveCfg = Release|Any CPU
		{646EC58C-C628-4CFF-AF0F-4468ABA21C52}.Release|Any CPU.Build.0 = Release|Any CPU
		{F68179AF-98A1-4A9D-9085-4617C7DE4A36}.Debug|Any CPU.ActiveCfg = Debug|Any CPU
		{F68179AF-98A1-4A9D-9085-4617C7DE4A36}.Debug|Any CPU.Build.0 = Debug|Any CPU
		{F68179AF-98A1-4A9D-9085-4617C7DE4A36}.Release|Any CPU.ActiveCfg = Release|Any CPU
		{F68179AF-98A1-4A9D-9085-4617C7DE4A36}.Release|Any CPU.Build.0 = Release|Any CPU
		{366DD902-B11F-4AA5-B4BE-36CBF1EF4146}.Debug|Any CPU.ActiveCfg = Debug|Any CPU
		{366DD902-B11F-4AA5-B4BE-36CBF1EF4146}.Debug|Any CPU.Build.0 = Debug|Any CPU
		{366DD902-B11F-4AA5-B4BE-36CBF1EF4146}.Release|Any CPU.ActiveCfg = Release|Any CPU
		{366DD902-B11F-4AA5-B4BE-36CBF1EF4146}.Release|Any CPU.Build.0 = Release|Any CPU
		{F1B0D8DF-3123-48CF-9F53-9C30580530EF}.Debug|Any CPU.ActiveCfg = Debug|Any CPU
		{F1B0D8DF-3123-48CF-9F53-9C30580530EF}.Debug|Any CPU.Build.0 = Debug|Any CPU
		{F1B0D8DF-3123-48CF-9F53-9C30580530EF}.Release|Any CPU.ActiveCfg = Release|Any CPU
		{F1B0D8DF-3123-48CF-9F53-9C30580530EF}.Release|Any CPU.Build.0 = Release|Any CPU
		{2D156243-8608-4375-92EF-CD71537E96F9}.Debug|Any CPU.ActiveCfg = Debug|Any CPU
		{2D156243-8608-4375-92EF-CD71537E96F9}.Debug|Any CPU.Build.0 = Debug|Any CPU
		{2D156243-8608-4375-92EF-CD71537E96F9}.Release|Any CPU.ActiveCfg = Release|Any CPU
		{2D156243-8608-4375-92EF-CD71537E96F9}.Release|Any CPU.Build.0 = Release|Any CPU
		{34B4C26A-9E47-4FC1-8904-5150B97C92C2}.Debug|Any CPU.ActiveCfg = Debug|Any CPU
		{34B4C26A-9E47-4FC1-8904-5150B97C92C2}.Debug|Any CPU.Build.0 = Debug|Any CPU
		{34B4C26A-9E47-4FC1-8904-5150B97C92C2}.Release|Any CPU.ActiveCfg = Release|Any CPU
		{34B4C26A-9E47-4FC1-8904-5150B97C92C2}.Release|Any CPU.Build.0 = Release|Any CPU
		{3EF51AA9-B883-479F-BD6B-B4F3877F4B99}.Debug|Any CPU.ActiveCfg = Debug|Any CPU
		{3EF51AA9-B883-479F-BD6B-B4F3877F4B99}.Debug|Any CPU.Build.0 = Debug|Any CPU
		{3EF51AA9-B883-479F-BD6B-B4F3877F4B99}.Release|Any CPU.ActiveCfg = Release|Any CPU
		{3EF51AA9-B883-479F-BD6B-B4F3877F4B99}.Release|Any CPU.Build.0 = Release|Any CPU
		{56089065-FCDB-4D25-910C-15108F840FD3}.Debug|Any CPU.ActiveCfg = Debug|Any CPU
		{56089065-FCDB-4D25-910C-15108F840FD3}.Debug|Any CPU.Build.0 = Debug|Any CPU
		{56089065-FCDB-4D25-910C-15108F840FD3}.Release|Any CPU.ActiveCfg = Release|Any CPU
		{56089065-FCDB-4D25-910C-15108F840FD3}.Release|Any CPU.Build.0 = Release|Any CPU
		{D843F846-6CAB-4945-BA89-6E80C70F0DC6}.Debug|Any CPU.ActiveCfg = Debug|Any CPU
		{D843F846-6CAB-4945-BA89-6E80C70F0DC6}.Debug|Any CPU.Build.0 = Debug|Any CPU
		{D843F846-6CAB-4945-BA89-6E80C70F0DC6}.Release|Any CPU.ActiveCfg = Release|Any CPU
		{D843F846-6CAB-4945-BA89-6E80C70F0DC6}.Release|Any CPU.Build.0 = Release|Any CPU
		{C86B90CD-5C07-4C18-92C9-9BAEDB61BE16}.Debug|Any CPU.ActiveCfg = Debug|Any CPU
		{C86B90CD-5C07-4C18-92C9-9BAEDB61BE16}.Debug|Any CPU.Build.0 = Debug|Any CPU
		{C86B90CD-5C07-4C18-92C9-9BAEDB61BE16}.Release|Any CPU.ActiveCfg = Release|Any CPU
		{C86B90CD-5C07-4C18-92C9-9BAEDB61BE16}.Release|Any CPU.Build.0 = Release|Any CPU
		{4BD71482-578B-4B47-9711-367DCEAC4B9B}.Debug|Any CPU.ActiveCfg = Debug|Any CPU
		{4BD71482-578B-4B47-9711-367DCEAC4B9B}.Debug|Any CPU.Build.0 = Debug|Any CPU
		{4BD71482-578B-4B47-9711-367DCEAC4B9B}.Release|Any CPU.ActiveCfg = Release|Any CPU
		{4BD71482-578B-4B47-9711-367DCEAC4B9B}.Release|Any CPU.Build.0 = Release|Any CPU
		{45CEB3F6-C91F-41B6-AD8F-C79EF2AAB84D}.Debug|Any CPU.ActiveCfg = Debug|Any CPU
		{45CEB3F6-C91F-41B6-AD8F-C79EF2AAB84D}.Debug|Any CPU.Build.0 = Debug|Any CPU
		{45CEB3F6-C91F-41B6-AD8F-C79EF2AAB84D}.Release|Any CPU.ActiveCfg = Release|Any CPU
		{45CEB3F6-C91F-41B6-AD8F-C79EF2AAB84D}.Release|Any CPU.Build.0 = Release|Any CPU
		{291D844D-5378-447E-9C9D-E086E640EC01}.Debug|Any CPU.ActiveCfg = Debug|Any CPU
		{291D844D-5378-447E-9C9D-E086E640EC01}.Debug|Any CPU.Build.0 = Debug|Any CPU
		{291D844D-5378-447E-9C9D-E086E640EC01}.Release|Any CPU.ActiveCfg = Release|Any CPU
		{291D844D-5378-447E-9C9D-E086E640EC01}.Release|Any CPU.Build.0 = Release|Any CPU
		{277E0667-74E0-4400-92F9-FD143017B96B}.Debug|Any CPU.ActiveCfg = Debug|Any CPU
		{277E0667-74E0-4400-92F9-FD143017B96B}.Debug|Any CPU.Build.0 = Debug|Any CPU
		{277E0667-74E0-4400-92F9-FD143017B96B}.Release|Any CPU.ActiveCfg = Release|Any CPU
		{277E0667-74E0-4400-92F9-FD143017B96B}.Release|Any CPU.Build.0 = Release|Any CPU
	EndGlobalSection
	GlobalSection(SolutionProperties) = preSolution
		HideSolutionNode = FALSE
	EndGlobalSection
	GlobalSection(ExtensibilityGlobals) = postSolution
		SolutionGuid = {F8D90F64-5C50-4713-8B6B-2310F360CB65}
	EndGlobalSection
EndGlobal
